// !$*UTF8*$!
{
	archiveVersion = 1;
	classes = {
	};
	objectVersion = 46;
	objects = {

/* Begin PBXBuildFile section */
		176EFF661DBCD51C003E4EF1 /* TileObject.swift in Sources */ = {isa = PBXBuildFile; fileRef = 176EFF651DBCD51C003E4EF1 /* TileObject.swift */; };
		176EFF681DBCD557003E4EF1 /* MapArray.swift in Sources */ = {isa = PBXBuildFile; fileRef = 176EFF671DBCD557003E4EF1 /* MapArray.swift */; };
		176EFF6B1DBCD591003E4EF1 /* CGPointOperations.swift in Sources */ = {isa = PBXBuildFile; fileRef = 176EFF6A1DBCD591003E4EF1 /* CGPointOperations.swift */; };
		17B75DD41DBCCB5A00B29008 /* TextureISO.swift in Sources */ = {isa = PBXBuildFile; fileRef = 17B75DD31DBCCB5900B29008 /* TextureISO.swift */; };
		17BC2F751DBCC7E0003A061F /* Character2D.swift in Sources */ = {isa = PBXBuildFile; fileRef = 17BC2F741DBCC7E0003A061F /* Character2D.swift */; };
		17BC2F791DBCC82D003A061F /* DroidISO.swift in Sources */ = {isa = PBXBuildFile; fileRef = 17BC2F781DBCC82D003A061F /* DroidISO.swift */; };
		17BC2F7C1DBCC86C003A061F /* Direction.swift in Sources */ = {isa = PBXBuildFile; fileRef = 17BC2F7B1DBCC86C003A061F /* Direction.swift */; };
		17BC2F7E1DBCC8A2003A061F /* Tile.swift in Sources */ = {isa = PBXBuildFile; fileRef = 17BC2F7D1DBCC8A2003A061F /* Tile.swift */; };
		17BC2F801DBCC8E0003A061F /* Action.swift in Sources */ = {isa = PBXBuildFile; fileRef = 17BC2F7F1DBCC8E0003A061F /* Action.swift */; };
		17BC2F851DBCC9A7003A061F /* TextureObject.swift in Sources */ = {isa = PBXBuildFile; fileRef = 17BC2F841DBCC9A7003A061F /* TextureObject.swift */; };
		2CEC2C411DA51FCC00386482 /* AppDelegate.swift in Sources */ = {isa = PBXBuildFile; fileRef = 2CEC2C401DA51FCC00386482 /* AppDelegate.swift */; };
		2CEC2C451DA51FCC00386482 /* GameScene.swift in Sources */ = {isa = PBXBuildFile; fileRef = 2CEC2C441DA51FCC00386482 /* GameScene.swift */; };
		2CEC2C471DA51FCC00386482 /* GameViewController.swift in Sources */ = {isa = PBXBuildFile; fileRef = 2CEC2C461DA51FCC00386482 /* GameViewController.swift */; };
		2CEC2C4A1DA51FCC00386482 /* Main.storyboard in Resources */ = {isa = PBXBuildFile; fileRef = 2CEC2C481DA51FCC00386482 /* Main.storyboard */; };
		2CEC2C4C1DA51FCC00386482 /* Assets.xcassets in Resources */ = {isa = PBXBuildFile; fileRef = 2CEC2C4B1DA51FCC00386482 /* Assets.xcassets */; };
		2CEC2C4F1DA51FCC00386482 /* LaunchScreen.storyboard in Resources */ = {isa = PBXBuildFile; fileRef = 2CEC2C4D1DA51FCC00386482 /* LaunchScreen.storyboard */; };
		2CEC2C571DA5202D00386482 /* sprites.atlas in Resources */ = {isa = PBXBuildFile; fileRef = 2CEC2C561DA5202D00386482 /* sprites.atlas */; };
		63D8C8774592E8B8BF0CA4F6 /* MapISO.swift in Sources */ = {isa = PBXBuildFile; fileRef = 63D8CA46D88EC4AE1DE4E1E3 /* MapISO.swift */; };
		8AA2E6221DBCD7C1004F3B53 /* Paths.swift in Sources */ = {isa = PBXBuildFile; fileRef = 8AA2E6211DBCD7C1004F3B53 /* Paths.swift */; };
		8AA2E6241DBCD89A004F3B53 /* EnemyISO.swift in Sources */ = {isa = PBXBuildFile; fileRef = 8AA2E6231DBCD89A004F3B53 /* EnemyISO.swift */; };
		8AA2E6261DBCD9D3004F3B53 /* Enemy2D.swift in Sources */ = {isa = PBXBuildFile; fileRef = 8AA2E6251DBCD9D3004F3B53 /* Enemy2D.swift */; };
		8AA2E6281DBCDBE3004F3B53 /* CoordsConvertion.swift in Sources */ = {isa = PBXBuildFile; fileRef = 8AA2E6271DBCDBE3004F3B53 /* CoordsConvertion.swift */; };
		8AA2E62A1DBCDF83004F3B53 /* Map2D.swift in Sources */ = {isa = PBXBuildFile; fileRef = 8AA2E6291DBCDF83004F3B53 /* Map2D.swift */; };
		8AA2E62E1DBCE856004F3B53 /* CharacterISO.swift in Sources */ = {isa = PBXBuildFile; fileRef = 8AA2E62D1DBCE856004F3B53 /* CharacterISO.swift */; };
		8AA2E6341DBCE93B004F3B53 /* Droid2D.swift in Sources */ = {isa = PBXBuildFile; fileRef = 8AA2E6331DBCE93B004F3B53 /* Droid2D.swift */; };
/* End PBXBuildFile section */

/* Begin PBXFileReference section */
		176EFF651DBCD51C003E4EF1 /* TileObject.swift */ = {isa = PBXFileReference; fileEncoding = 4; lastKnownFileType = sourcecode.swift; name = TileObject.swift; path = Map/TileObject.swift; sourceTree = "<group>"; };
		176EFF671DBCD557003E4EF1 /* MapArray.swift */ = {isa = PBXFileReference; fileEncoding = 4; lastKnownFileType = sourcecode.swift; name = MapArray.swift; path = Map/MapArray.swift; sourceTree = "<group>"; };
		176EFF6A1DBCD591003E4EF1 /* CGPointOperations.swift */ = {isa = PBXFileReference; fileEncoding = 4; lastKnownFileType = sourcecode.swift; name = CGPointOperations.swift; path = IsoGame/Utils/CGPointOperations.swift; sourceTree = "<group>"; };
		17B75DD31DBCCB5900B29008 /* TextureISO.swift */ = {isa = PBXFileReference; fileEncoding = 4; lastKnownFileType = sourcecode.swift; name = TextureISO.swift; path = Texture/TextureISO.swift; sourceTree = "<group>"; };
		17BC2F741DBCC7E0003A061F /* Character2D.swift */ = {isa = PBXFileReference; fileEncoding = 4; lastKnownFileType = sourcecode.swift; name = Character2D.swift; path = Character/Character2D.swift; sourceTree = "<group>"; };
		17BC2F781DBCC82D003A061F /* DroidISO.swift */ = {isa = PBXFileReference; fileEncoding = 4; lastKnownFileType = sourcecode.swift; path = DroidISO.swift; sourceTree = "<group>"; };
		17BC2F7B1DBCC86C003A061F /* Direction.swift */ = {isa = PBXFileReference; fileEncoding = 4; lastKnownFileType = sourcecode.swift; name = Direction.swift; path = Map/Direction.swift; sourceTree = "<group>"; };
		17BC2F7D1DBCC8A2003A061F /* Tile.swift */ = {isa = PBXFileReference; fileEncoding = 4; lastKnownFileType = sourcecode.swift; name = Tile.swift; path = Map/Tile.swift; sourceTree = "<group>"; };
		17BC2F7F1DBCC8E0003A061F /* Action.swift */ = {isa = PBXFileReference; fileEncoding = 4; lastKnownFileType = sourcecode.swift; name = Action.swift; path = Map/Action.swift; sourceTree = "<group>"; };
		17BC2F841DBCC9A7003A061F /* TextureObject.swift */ = {isa = PBXFileReference; fileEncoding = 4; lastKnownFileType = sourcecode.swift; name = TextureObject.swift; path = Texture/TextureObject.swift; sourceTree = "<group>"; };
		2CEC2C3D1DA51FCC00386482 /* IsoGame.app */ = {isa = PBXFileReference; explicitFileType = wrapper.application; includeInIndex = 0; path = IsoGame.app; sourceTree = BUILT_PRODUCTS_DIR; };
		2CEC2C401DA51FCC00386482 /* AppDelegate.swift */ = {isa = PBXFileReference; lastKnownFileType = sourcecode.swift; path = AppDelegate.swift; sourceTree = "<group>"; };
		2CEC2C441DA51FCC00386482 /* GameScene.swift */ = {isa = PBXFileReference; lastKnownFileType = sourcecode.swift; path = GameScene.swift; sourceTree = "<group>"; };
		2CEC2C461DA51FCC00386482 /* GameViewController.swift */ = {isa = PBXFileReference; lastKnownFileType = sourcecode.swift; path = GameViewController.swift; sourceTree = "<group>"; };
		2CEC2C491DA51FCC00386482 /* Base */ = {isa = PBXFileReference; lastKnownFileType = file.storyboard; name = Base; path = Base.lproj/Main.storyboard; sourceTree = "<group>"; };
		2CEC2C4B1DA51FCC00386482 /* Assets.xcassets */ = {isa = PBXFileReference; lastKnownFileType = folder.assetcatalog; path = Assets.xcassets; sourceTree = "<group>"; };
		2CEC2C4E1DA51FCC00386482 /* Base */ = {isa = PBXFileReference; lastKnownFileType = file.storyboard; name = Base; path = Base.lproj/LaunchScreen.storyboard; sourceTree = "<group>"; };
		2CEC2C501DA51FCC00386482 /* Info.plist */ = {isa = PBXFileReference; lastKnownFileType = text.plist.xml; path = Info.plist; sourceTree = "<group>"; };
		2CEC2C561DA5202D00386482 /* sprites.atlas */ = {isa = PBXFileReference; lastKnownFileType = folder.skatlas; path = sprites.atlas; sourceTree = "<group>"; };
		63D8CA46D88EC4AE1DE4E1E3 /* MapISO.swift */ = {isa = PBXFileReference; fileEncoding = 4; lastKnownFileType = sourcecode.swift; name = MapISO.swift; path = Map/MapISO.swift; sourceTree = "<group>"; };
		8AA2E6211DBCD7C1004F3B53 /* Paths.swift */ = {isa = PBXFileReference; fileEncoding = 4; lastKnownFileType = sourcecode.swift; name = Paths.swift; path = Map/Paths.swift; sourceTree = "<group>"; };
		8AA2E6231DBCD89A004F3B53 /* EnemyISO.swift */ = {isa = PBXFileReference; fileEncoding = 4; lastKnownFileType = sourcecode.swift; name = EnemyISO.swift; path = Character/EnemyISO.swift; sourceTree = "<group>"; };
		8AA2E6251DBCD9D3004F3B53 /* Enemy2D.swift */ = {isa = PBXFileReference; fileEncoding = 4; lastKnownFileType = sourcecode.swift; name = Enemy2D.swift; path = Character/Enemy2D.swift; sourceTree = "<group>"; };
		8AA2E6271DBCDBE3004F3B53 /* CoordsConvertion.swift */ = {isa = PBXFileReference; fileEncoding = 4; lastKnownFileType = sourcecode.swift; name = CoordsConvertion.swift; path = IsoGame/Utils/CoordsConvertion.swift; sourceTree = "<group>"; };
		8AA2E6291DBCDF83004F3B53 /* Map2D.swift */ = {isa = PBXFileReference; fileEncoding = 4; lastKnownFileType = sourcecode.swift; name = Map2D.swift; path = Map/Map2D.swift; sourceTree = "<group>"; };
		8AA2E62D1DBCE856004F3B53 /* CharacterISO.swift */ = {isa = PBXFileReference; fileEncoding = 4; lastKnownFileType = sourcecode.swift; path = CharacterISO.swift; sourceTree = "<group>"; };
		8AA2E6331DBCE93B004F3B53 /* Droid2D.swift */ = {isa = PBXFileReference; fileEncoding = 4; lastKnownFileType = sourcecode.swift; path = Droid2D.swift; sourceTree = "<group>"; };
/* End PBXFileReference section */

/* Begin PBXFrameworksBuildPhase section */
		2CEC2C3A1DA51FCC00386482 /* Frameworks */ = {
			isa = PBXFrameworksBuildPhase;
			buildActionMask = 2147483647;
			files = (
			);
			runOnlyForDeploymentPostprocessing = 0;
		};
/* End PBXFrameworksBuildPhase section */

/* Begin PBXGroup section */
		176EFF691DBCD56A003E4EF1 /* Utils */ = {
			isa = PBXGroup;
			children = (
				176EFF6A1DBCD591003E4EF1 /* CGPointOperations.swift */,
				8AA2E6271DBCDBE3004F3B53 /* CoordsConvertion.swift */,
			);
			name = Utils;
			sourceTree = "<group>";
		};
		17BC2F721DBCC7A8003A061F /* Character */ = {
			isa = PBXGroup;
			children = (
				8AA2E6301DBCE861004F3B53 /* ISO */,
				8AA2E62F1DBCE85C004F3B53 /* 2D */,
			);
			name = Character;
			sourceTree = "<group>";
		};
		17BC2F731DBCC7B3003A061F /* Map */ = {
			isa = PBXGroup;
			children = (
				8AA2E6321DBCE87B004F3B53 /* ISO */,
				8AA2E6311DBCE873004F3B53 /* 2D */,
				17BC2F7A1DBCC856003A061F /* Enums */,
				176EFF651DBCD51C003E4EF1 /* TileObject.swift */,
				176EFF671DBCD557003E4EF1 /* MapArray.swift */,
				8AA2E6211DBCD7C1004F3B53 /* Paths.swift */,
			);
			name = Map;
			sourceTree = "<group>";
		};
		17BC2F7A1DBCC856003A061F /* Enums */ = {
			isa = PBXGroup;
			children = (
				17BC2F7B1DBCC86C003A061F /* Direction.swift */,
				17BC2F7D1DBCC8A2003A061F /* Tile.swift */,
				17BC2F7F1DBCC8E0003A061F /* Action.swift */,
			);
			name = Enums;
			sourceTree = "<group>";
		};
		17BC2F831DBCC95D003A061F /* Texture */ = {
			isa = PBXGroup;
			children = (
				17B75DD31DBCCB5900B29008 /* TextureISO.swift */,
				17BC2F841DBCC9A7003A061F /* TextureObject.swift */,
			);
			name = Texture;
			sourceTree = "<group>";
		};
		2CEC2C341DA51FCC00386482 = {
			isa = PBXGroup;
			children = (
				176EFF691DBCD56A003E4EF1 /* Utils */,
				2CEC2C3F1DA51FCC00386482 /* IsoGame */,
				2CEC2C3E1DA51FCC00386482 /* Products */,
			);
			sourceTree = "<group>";
		};
		2CEC2C3E1DA51FCC00386482 /* Products */ = {
			isa = PBXGroup;
			children = (
				2CEC2C3D1DA51FCC00386482 /* IsoGame.app */,
			);
			name = Products;
			sourceTree = "<group>";
		};
		2CEC2C3F1DA51FCC00386482 /* IsoGame */ = {
			isa = PBXGroup;
			children = (
				17BC2F831DBCC95D003A061F /* Texture */,
				17BC2F731DBCC7B3003A061F /* Map */,
				17BC2F721DBCC7A8003A061F /* Character */,
				2CEC2C561DA5202D00386482 /* sprites.atlas */,
				2CEC2C401DA51FCC00386482 /* AppDelegate.swift */,
				2CEC2C441DA51FCC00386482 /* GameScene.swift */,
				2CEC2C461DA51FCC00386482 /* GameViewController.swift */,
				2CEC2C481DA51FCC00386482 /* Main.storyboard */,
				2CEC2C4B1DA51FCC00386482 /* Assets.xcassets */,
				2CEC2C4D1DA51FCC00386482 /* LaunchScreen.storyboard */,
				2CEC2C501DA51FCC00386482 /* Info.plist */,
			);
			path = IsoGame;
			sourceTree = "<group>";
		};
		8AA2E62F1DBCE85C004F3B53 /* 2D */ = {
			isa = PBXGroup;
			children = (
				17BC2F741DBCC7E0003A061F /* Character2D.swift */,
				8AA2E6251DBCD9D3004F3B53 /* Enemy2D.swift */,
				8AA2E6331DBCE93B004F3B53 /* Droid2D.swift */,
			);
			name = 2D;
			sourceTree = "<group>";
		};
		8AA2E6301DBCE861004F3B53 /* ISO */ = {
			isa = PBXGroup;
			children = (
				8AA2E6231DBCD89A004F3B53 /* EnemyISO.swift */,
				8AA2E62D1DBCE856004F3B53 /* CharacterISO.swift */,
				17BC2F781DBCC82D003A061F /* DroidISO.swift */,
			);
			name = ISO;
			sourceTree = "<group>";
		};
		8AA2E6311DBCE873004F3B53 /* 2D */ = {
			isa = PBXGroup;
			children = (
				8AA2E6291DBCDF83004F3B53 /* Map2D.swift */,
			);
			name = 2D;
			sourceTree = "<group>";
		};
		8AA2E6321DBCE87B004F3B53 /* ISO */ = {
			isa = PBXGroup;
			children = (
				63D8CA46D88EC4AE1DE4E1E3 /* MapISO.swift */,
			);
			name = ISO;
			sourceTree = "<group>";
		};
/* End PBXGroup section */

/* Begin PBXNativeTarget section */
		2CEC2C3C1DA51FCC00386482 /* IsoGame */ = {
			isa = PBXNativeTarget;
			buildConfigurationList = 2CEC2C531DA51FCC00386482 /* Build configuration list for PBXNativeTarget "IsoGame" */;
			buildPhases = (
				2CEC2C391DA51FCC00386482 /* Sources */,
				2CEC2C3A1DA51FCC00386482 /* Frameworks */,
				2CEC2C3B1DA51FCC00386482 /* Resources */,
			);
			buildRules = (
			);
			dependencies = (
			);
			name = IsoGame;
			productName = IsoGame;
			productReference = 2CEC2C3D1DA51FCC00386482 /* IsoGame.app */;
			productType = "com.apple.product-type.application";
		};
/* End PBXNativeTarget section */

/* Begin PBXProject section */
		2CEC2C351DA51FCC00386482 /* Project object */ = {
			isa = PBXProject;
			attributes = {
				LastSwiftUpdateCheck = 0730;
				LastUpgradeCheck = 0730;
				ORGANIZATIONNAME = "Dmitriy Kapitun";
				TargetAttributes = {
					2CEC2C3C1DA51FCC00386482 = {
						CreatedOnToolsVersion = 7.3.1;
						DevelopmentTeam = 52GNMSFB79;
						LastSwiftMigration = 0800;
					};
				};
			};
			buildConfigurationList = 2CEC2C381DA51FCC00386482 /* Build configuration list for PBXProject "IsoGame" */;
			compatibilityVersion = "Xcode 3.2";
			developmentRegion = English;
			hasScannedForEncodings = 0;
			knownRegions = (
				en,
				Base,
			);
			mainGroup = 2CEC2C341DA51FCC00386482;
			productRefGroup = 2CEC2C3E1DA51FCC00386482 /* Products */;
			projectDirPath = "";
			projectRoot = "";
			targets = (
				2CEC2C3C1DA51FCC00386482 /* IsoGame */,
			);
		};
/* End PBXProject section */

/* Begin PBXResourcesBuildPhase section */
		2CEC2C3B1DA51FCC00386482 /* Resources */ = {
			isa = PBXResourcesBuildPhase;
			buildActionMask = 2147483647;
			files = (
				2CEC2C4F1DA51FCC00386482 /* LaunchScreen.storyboard in Resources */,
				2CEC2C4C1DA51FCC00386482 /* Assets.xcassets in Resources */,
				2CEC2C571DA5202D00386482 /* sprites.atlas in Resources */,
				2CEC2C4A1DA51FCC00386482 /* Main.storyboard in Resources */,
			);
			runOnlyForDeploymentPostprocessing = 0;
		};
/* End PBXResourcesBuildPhase section */

/* Begin PBXSourcesBuildPhase section */
		2CEC2C391DA51FCC00386482 /* Sources */ = {
			isa = PBXSourcesBuildPhase;
			buildActionMask = 2147483647;
			files = (
				2CEC2C451DA51FCC00386482 /* GameScene.swift in Sources */,
				17BC2F801DBCC8E0003A061F /* Action.swift in Sources */,
				17BC2F851DBCC9A7003A061F /* TextureObject.swift in Sources */,
				17BC2F7C1DBCC86C003A061F /* Direction.swift in Sources */,
				8AA2E6341DBCE93B004F3B53 /* Droid2D.swift in Sources */,
				8AA2E6241DBCD89A004F3B53 /* EnemyISO.swift in Sources */,
				2CEC2C471DA51FCC00386482 /* GameViewController.swift in Sources */,
				8AA2E62A1DBCDF83004F3B53 /* Map2D.swift in Sources */,
				176EFF681DBCD557003E4EF1 /* MapArray.swift in Sources */,
				8AA2E6221DBCD7C1004F3B53 /* Paths.swift in Sources */,
				8AA2E6261DBCD9D3004F3B53 /* Enemy2D.swift in Sources */,
				176EFF661DBCD51C003E4EF1 /* TileObject.swift in Sources */,
				17BC2F791DBCC82D003A061F /* DroidISO.swift in Sources */,
				2CEC2C411DA51FCC00386482 /* AppDelegate.swift in Sources */,
				17BC2F751DBCC7E0003A061F /* Character2D.swift in Sources */,
				176EFF6B1DBCD591003E4EF1 /* CGPointOperations.swift in Sources */,
				17BC2F7E1DBCC8A2003A061F /* Tile.swift in Sources */,
				17B75DD41DBCCB5A00B29008 /* TextureISO.swift in Sources */,
				8AA2E62E1DBCE856004F3B53 /* CharacterISO.swift in Sources */,
				8AA2E6281DBCDBE3004F3B53 /* CoordsConvertion.swift in Sources */,
				63D8C8774592E8B8BF0CA4F6 /* MapISO.swift in Sources */,
			);
			runOnlyForDeploymentPostprocessing = 0;
		};
/* End PBXSourcesBuildPhase section */

/* Begin PBXVariantGroup section */
		2CEC2C481DA51FCC00386482 /* Main.storyboard */ = {
			isa = PBXVariantGroup;
			children = (
				2CEC2C491DA51FCC00386482 /* Base */,
			);
			name = Main.storyboard;
			sourceTree = "<group>";
		};
		2CEC2C4D1DA51FCC00386482 /* LaunchScreen.storyboard */ = {
			isa = PBXVariantGroup;
			children = (
				2CEC2C4E1DA51FCC00386482 /* Base */,
			);
			name = LaunchScreen.storyboard;
			sourceTree = "<group>";
		};
/* End PBXVariantGroup section */

/* Begin XCBuildConfiguration section */
		2CEC2C511DA51FCC00386482 /* Debug */ = {
			isa = XCBuildConfiguration;
			buildSettings = {
				ALWAYS_SEARCH_USER_PATHS = NO;
				CLANG_ANALYZER_NONNULL = YES;
				CLANG_CXX_LANGUAGE_STANDARD = "gnu++0x";
				CLANG_CXX_LIBRARY = "libc++";
				CLANG_ENABLE_MODULES = YES;
				CLANG_ENABLE_OBJC_ARC = YES;
				CLANG_WARN_BOOL_CONVERSION = YES;
				CLANG_WARN_CONSTANT_CONVERSION = YES;
				CLANG_WARN_DIRECT_OBJC_ISA_USAGE = YES_ERROR;
				CLANG_WARN_EMPTY_BODY = YES;
				CLANG_WARN_ENUM_CONVERSION = YES;
				CLANG_WARN_INT_CONVERSION = YES;
				CLANG_WARN_OBJC_ROOT_CLASS = YES_ERROR;
				CLANG_WARN_UNREACHABLE_CODE = YES;
				CLANG_WARN__DUPLICATE_METHOD_MATCH = YES;
				"CODE_SIGN_IDENTITY[sdk=iphoneos*]" = "iPhone Developer";
				COPY_PHASE_STRIP = NO;
				DEBUG_INFORMATION_FORMAT = "dwarf-with-dsym";
				ENABLE_STRICT_OBJC_MSGSEND = YES;
				ENABLE_TESTABILITY = YES;
				GCC_C_LANGUAGE_STANDARD = gnu99;
				GCC_DYNAMIC_NO_PIC = NO;
				GCC_NO_COMMON_BLOCKS = YES;
				GCC_OPTIMIZATION_LEVEL = 0;
				GCC_PREPROCESSOR_DEFINITIONS = (
					"DEBUG=1",
					"$(inherited)",
				);
				GCC_WARN_64_TO_32_BIT_CONVERSION = YES;
				GCC_WARN_ABOUT_RETURN_TYPE = YES_ERROR;
				GCC_WARN_UNDECLARED_SELECTOR = YES;
				GCC_WARN_UNINITIALIZED_AUTOS = YES_AGGRESSIVE;
				GCC_WARN_UNUSED_FUNCTION = YES;
				GCC_WARN_UNUSED_VARIABLE = YES;
				IPHONEOS_DEPLOYMENT_TARGET = 9.3;
				MTL_ENABLE_DEBUG_INFO = YES;
				ONLY_ACTIVE_ARCH = YES;
				SDKROOT = iphoneos;
				SWIFT_OPTIMIZATION_LEVEL = "-Onone";
			};
			name = Debug;
		};
		2CEC2C521DA51FCC00386482 /* Release */ = {
			isa = XCBuildConfiguration;
			buildSettings = {
				ALWAYS_SEARCH_USER_PATHS = NO;
				CLANG_ANALYZER_NONNULL = YES;
				CLANG_CXX_LANGUAGE_STANDARD = "gnu++0x";
				CLANG_CXX_LIBRARY = "libc++";
				CLANG_ENABLE_MODULES = YES;
				CLANG_ENABLE_OBJC_ARC = YES;
				CLANG_WARN_BOOL_CONVERSION = YES;
				CLANG_WARN_CONSTANT_CONVERSION = YES;
				CLANG_WARN_DIRECT_OBJC_ISA_USAGE = YES_ERROR;
				CLANG_WARN_EMPTY_BODY = YES;
				CLANG_WARN_ENUM_CONVERSION = YES;
				CLANG_WARN_INT_CONVERSION = YES;
				CLANG_WARN_OBJC_ROOT_CLASS = YES_ERROR;
				CLANG_WARN_UNREACHABLE_CODE = YES;
				CLANG_WARN__DUPLICATE_METHOD_MATCH = YES;
				"CODE_SIGN_IDENTITY[sdk=iphoneos*]" = "iPhone Developer";
				COPY_PHASE_STRIP = NO;
				DEBUG_INFORMATION_FORMAT = "dwarf-with-dsym";
				ENABLE_NS_ASSERTIONS = NO;
				ENABLE_STRICT_OBJC_MSGSEND = YES;
				GCC_C_LANGUAGE_STANDARD = gnu99;
				GCC_NO_COMMON_BLOCKS = YES;
				GCC_WARN_64_TO_32_BIT_CONVERSION = YES;
				GCC_WARN_ABOUT_RETURN_TYPE = YES_ERROR;
				GCC_WARN_UNDECLARED_SELECTOR = YES;
				GCC_WARN_UNINITIALIZED_AUTOS = YES_AGGRESSIVE;
				GCC_WARN_UNUSED_FUNCTION = YES;
				GCC_WARN_UNUSED_VARIABLE = YES;
				IPHONEOS_DEPLOYMENT_TARGET = 9.3;
				MTL_ENABLE_DEBUG_INFO = NO;
				SDKROOT = iphoneos;
				VALIDATE_PRODUCT = YES;
			};
			name = Release;
		};
		2CEC2C541DA51FCC00386482 /* Debug */ = {
			isa = XCBuildConfiguration;
			buildSettings = {
				ASSETCATALOG_COMPILER_APPICON_NAME = AppIcon;
				DEVELOPMENT_TEAM = 52GNMSFB79;
				INFOPLIST_FILE = IsoGame/Info.plist;
				LD_RUNPATH_SEARCH_PATHS = "$(inherited) @executable_path/Frameworks";
				PRODUCT_BUNDLE_IDENTIFIER = AlexeyMukhin.IsoGame;
				PRODUCT_NAME = "$(TARGET_NAME)";
				SWIFT_VERSION = 3.0;
				TARGETED_DEVICE_FAMILY = "1,2";
			};
			name = Debug;
		};
		2CEC2C551DA51FCC00386482 /* Release */ = {
			isa = XCBuildConfiguration;
			buildSettings = {
				ASSETCATALOG_COMPILER_APPICON_NAME = AppIcon;
				DEVELOPMENT_TEAM = 52GNMSFB79;
				INFOPLIST_FILE = IsoGame/Info.plist;
				LD_RUNPATH_SEARCH_PATHS = "$(inherited) @executable_path/Frameworks";
				PRODUCT_BUNDLE_IDENTIFIER = AlexeyMukhin.IsoGame;
				PRODUCT_NAME = "$(TARGET_NAME)";
				SWIFT_VERSION = 3.0;
				TARGETED_DEVICE_FAMILY = "1,2";
			};
			name = Release;
		};
/* End XCBuildConfiguration section */

/* Begin XCConfigurationList section */
		2CEC2C381DA51FCC00386482 /* Build configuration list for PBXProject "IsoGame" */ = {
			isa = XCConfigurationList;
			buildConfigurations = (
				2CEC2C511DA51FCC00386482 /* Debug */,
				2CEC2C521DA51FCC00386482 /* Release */,
			);
			defaultConfigurationIsVisible = 0;
			defaultConfigurationName = Release;
		};
		2CEC2C531DA51FCC00386482 /* Build configuration list for PBXNativeTarget "IsoGame" */ = {
			isa = XCConfigurationList;
			buildConfigurations = (
				2CEC2C541DA51FCC00386482 /* Debug */,
				2CEC2C551DA51FCC00386482 /* Release */,
			);
			defaultConfigurationIsVisible = 0;
			defaultConfigurationName = Release;
		};
/* End XCConfigurationList section */
	};
	rootObject = 2CEC2C351DA51FCC00386482 /* Project object */;
}
